
Microsoft Visual Studio Solution File, Format Version 12.00
# Visual Studio Version 16
VisualStudioVersion = 16.0.30204.135
MinimumVisualStudioVersion = 10.0.40219.1
Project("{FAE04EC0-301F-11D3-BF4B-00C04F79EFBC}") = "Figuras geometricas", "Figuras geometricas\Figuras geometricas.csproj", "{F17FAE5E-0995-4EF0-9A99-57A006D45E01}"
EndProject
Global
	GlobalSection(SolutionConfigurationPlatforms) = preSolution
		Debug|Any CPU = Debug|Any CPU
		Release|Any CPU = Release|Any CPU
	EndGlobalSection
	GlobalSection(ProjectConfigurationPlatforms) = postSolution
		{F17FAE5E-0995-4EF0-9A99-57A006D45E01}.Debug|Any CPU.ActiveCfg = Debug|Any CPU
		{F17FAE5E-0995-4EF0-9A99-57A006D45E01}.Debug|Any CPU.Build.0 = Debug|Any CPU
		{F17FAE5E-0995-4EF0-9A99-57A006D45E01}.Release|Any CPU.ActiveCfg = Release|Any CPU
		{F17FAE5E-0995-4EF0-9A99-57A006D45E01}.Release|Any CPU.Build.0 = Release|Any CPU
	EndGlobalSection
	GlobalSection(SolutionProperties) = preSolution
		HideSolutionNode = FALSE
	EndGlobalSection
	GlobalSection(ExtensibilityGlobals) = postSolution
		SolutionGuid = {40979F69-233E-4AE9-92E3-3750E1258224}
	EndGlobalSection
EndGlobal
