
Microsoft Visual Studio Solution File, Format Version 12.00
# Visual Studio Version 16
VisualStudioVersion = 16.0.30204.135
MinimumVisualStudioVersion = 10.0.40219.1
Project("{FAE04EC0-301F-11D3-BF4B-00C04F79EFBC}") = "FormIMC", "FormIMC\FormIMC.csproj", "{0DCE2D97-D525-48E9-ABAE-6A90727FBBEF}"
EndProject
Global
	GlobalSection(SolutionConfigurationPlatforms) = preSolution
		Debug|Any CPU = Debug|Any CPU
		Release|Any CPU = Release|Any CPU
	EndGlobalSection
	GlobalSection(ProjectConfigurationPlatforms) = postSolution
		{0DCE2D97-D525-48E9-ABAE-6A90727FBBEF}.Debug|Any CPU.ActiveCfg = Debug|Any CPU
		{0DCE2D97-D525-48E9-ABAE-6A90727FBBEF}.Debug|Any CPU.Build.0 = Debug|Any CPU
		{0DCE2D97-D525-48E9-ABAE-6A90727FBBEF}.Release|Any CPU.ActiveCfg = Release|Any CPU
		{0DCE2D97-D525-48E9-ABAE-6A90727FBBEF}.Release|Any CPU.Build.0 = Release|Any CPU
	EndGlobalSection
	GlobalSection(SolutionProperties) = preSolution
		HideSolutionNode = FALSE
	EndGlobalSection
	GlobalSection(ExtensibilityGlobals) = postSolution
		SolutionGuid = {0BBE9FC1-B5F9-400C-ACCA-EBE75C51EFCF}
	EndGlobalSection
EndGlobal
